github.com/BurntSushi/toml v0.3.1 h1:WXkYYl6Yr3qBf1K79EBnL4mak0OimBfB0XUf9Vl28OQ=
github.com/BurntSushi/toml v0.3.1/go.mod h1:xHWCNGjB5oqiDr8zfno3MHue2Ht5sIBksp03qcyfWMU=
github.com/amalfra/maildir v0.0.7 h1:quK6vVGmjqP1zbeo9g7jtx37htGoYrKKlSpcDcplD04=
github.com/amalfra/maildir v0.0.7/go.mod h1:+ynYowCpUHTWebUhg3Sb6Jp2dq+SUSWLTSLIf7Vy+ak=
github.com/curious-eyes/jmail v0.0.0-20150922015601-8e4afe91975d h1:UN7z+qJOL1Ml+32FrdQrQ+njoTnPm+TGG2jn5nbT0B8=
github.com/curious-eyes/jmail v0.0.0-20150922015601-8e4afe91975d/go.mod h1:x9GTFPhdnBVdxNQ9XB8euDQcCjzvDNKGgnv9LWi+ilI=
github.com/davecgh/go-spew v1.1.1 h1:vj9j/u1bqnvCEfJOwUhtlOARqs3+rkHYY13jYWTU97c=
github.com/davecgh/go-spew v1.1.1/go.mod h1:J7Y8YcW2NihsgmVo/mv3lAwl/skON4iLHjSsI+c5H38=
github.com/luksen/maildir v0.0.0-20180118131156-1859503b54bd h1:RjDnqXEJasth7m8Z+okAKdNCAg+Kt0w+qMvyvqW/QCI=
github.com/luksen/maildir v0.0.0-20180118131156-1859503b54bd/go.mod h1:ZCFCeVAq3QI7TMtCH/6fr2sYqBCLeeGhda7tCQFC/m4=
github.com/mattn/go-shellwords v1.0.6 h1:9Jok5pILi5S1MnDirGVTufYGtksUs/V2BWUP3ZkeUUI=
github.com/mattn/go-shellwords v1.0.6/go.mod h1:3xCvwCdWdlDJUrvuMn7Wuy9eWs4pE8vqg+NOMyg4B2o=
github.com/pelletier/go-toml v1.4.0 h1:u3Z1r+oOXJIkxqw34zVhyPgjBsm6X2wn21NWs/HfSeg=
github.com/pelletier/go-toml v1.4.0/go.mod h1:PN7xzY2wHTK0K9p34ErDQMlFxa51Fk0OUruD3k1mMwo=
github.com/sloonz/go-maildir v0.0.0-20170526154132-973e1bbb12d1 h1:Ro67tKIN6JYiMVqL/nxr2eRzNuCClZ3kKrxoiVc3y3A=
github.com/sloonz/go-maildir v0.0.0-20170526154132-973e1bbb12d1/go.mod h1:T1F4Q8r4obNo4kZxGux0pS2FU2F+qt4QMpvmIfXrWqk=
github.com/urfave/cli v1.21.0 h1:wYSSj06510qPIzGSua9ZqsncMmWE3Zr55KBERygyrxE=
github.com/urfave/cli v1.21.0/go.mod h1:lxDj6qX9Q6lWQxIrbrT0nwecwUtRnhVZAJjJZrVUZZQ=
golang.org/x/text v0.3.2 h1:tW2bmiBqwgJj/UpqtC8EpXEZVYOwU0yG4iWbprSVAcs=
golang.org/x/text v0.3.2/go.mod h1:bEr9sfX3Q8Zfm5fL9x+3itogRgK3+ptLWKqgva+5dAk=
golang.org/x/tools v0.0.0-20180917221912-90fa682c2a6e/go.mod h1:n7NCudcB/nEzxVGmLbDWY5pfWTLqBcC2KZ6jyYvM4mQ=
gopkg.in/check.v1 v0.0.0-20161208181325-20d25e280405/go.mod h1:Co6ibVJAznAaIkqp8huTwlJQCZ016jof/cbN4VW5Yz0=
gopkg.in/yaml.v2 v2.2.2 h1:ZCJp+EgiOT7lHqUV2J862kp8Qj64Jo6az82+3Td9dZw=
gopkg.in/yaml.v2 v2.2.2/go.mod h1:hI93XBmqTisBFMUTm0b8Fm+jr3Dg1NNxqwp+5A1VGuI=
